
Microsoft Visual Studio Solution File, Format Version 12.00
# Visual Studio 15
VisualStudioVersion = 15.0.28307.329
MinimumVisualStudioVersion = 10.0.40219.1
Project("{9A19103F-16F7-4668-BE54-9A1E7A4F7556}") = "PaginatedListView", "PaginatedListView\PaginatedListView.csproj", "{5F47B5E4-EB83-4C69-8009-8AD1B0A2A536}"
EndProject
Global
	GlobalSection(SolutionConfigurationPlatforms) = preSolution
		Debug|Any CPU = Debug|Any CPU
		Release|Any CPU = Release|Any CPU
	EndGlobalSection
	GlobalSection(ProjectConfigurationPlatforms) = postSolution
		{5F47B5E4-EB83-4C69-8009-8AD1B0A2A536}.Debug|Any CPU.ActiveCfg = Debug|Any CPU
		{5F47B5E4-EB83-4C69-8009-8AD1B0A2A536}.Debug|Any CPU.Build.0 = Debug|Any CPU
		{5F47B5E4-EB83-4C69-8009-8AD1B0A2A536}.Release|Any CPU.ActiveCfg = Release|Any CPU
		{5F47B5E4-EB83-4C69-8009-8AD1B0A2A536}.Release|Any CPU.Build.0 = Release|Any CPU
	EndGlobalSection
	GlobalSection(SolutionProperties) = preSolution
		HideSolutionNode = FALSE
	EndGlobalSection
	GlobalSection(ExtensibilityGlobals) = postSolution
		SolutionGuid = {3BF62E76-7F36-415A-A5EB-7EF132E5D4E6}
	EndGlobalSection
EndGlobal
